// !$*UTF8*$!
{
	archiveVersion = 1;
	classes = {
	};
	objectVersion = 46;
	objects = {

/* Begin PBXBuildFile section */
		7776F9B838821843A99502BB /* Pods_RecipeAppUITests.framework in Frameworks */ = {isa = PBXBuildFile; fileRef = 8DB57CA858E0E7F8B07DB874 /* Pods_RecipeAppUITests.framework */; };
		79C9933AF5506F5F40D006B6 /* Pods_RecipeAppTests.framework in Frameworks */ = {isa = PBXBuildFile; fileRef = 67E5821614DD9E1F65ECE590 /* Pods_RecipeAppTests.framework */; };
		E40B9B2A1F1A912B00469D15 /* ViewControllerForOrderInfo.swift in Sources */ = {isa = PBXBuildFile; fileRef = E40B9B291F1A912B00469D15 /* ViewControllerForOrderInfo.swift */; };
		E4441C841F211DA300546AF7 /* UIDevice.swift in Sources */ = {isa = PBXBuildFile; fileRef = E4441C831F211DA300546AF7 /* UIDevice.swift */; };
		E4441C861F21559F00546AF7 /* Banner.png in Resources */ = {isa = PBXBuildFile; fileRef = E4441C851F21559F00546AF7 /* Banner.png */; };
		E4441C881F2155B300546AF7 /* Backdrop.png in Resources */ = {isa = PBXBuildFile; fileRef = E4441C871F2155B300546AF7 /* Backdrop.png */; };
		E4441C8A1F2155B800546AF7 /* WhiteBar.png in Resources */ = {isa = PBXBuildFile; fileRef = E4441C891F2155B800546AF7 /* WhiteBar.png */; };
		E4441C8C1F2155BE00546AF7 /* ExitButton.png in Resources */ = {isa = PBXBuildFile; fileRef = E4441C8B1F2155BE00546AF7 /* ExitButton.png */; };
		E4441C8E1F2155C200546AF7 /* PlusSign.png in Resources */ = {isa = PBXBuildFile; fileRef = E4441C8D1F2155C200546AF7 /* PlusSign.png */; };
		E4441C921F2155CD00546AF7 /* BackgroundforAPP.png in Resources */ = {isa = PBXBuildFile; fileRef = E4441C911F2155CD00546AF7 /* BackgroundforAPP.png */; };
		E4441C941F2155D300546AF7 /* BackgroundforFoogle.png in Resources */ = {isa = PBXBuildFile; fileRef = E4441C931F2155D300546AF7 /* BackgroundforFoogle.png */; };
		E4441C961F2155DA00546AF7 /* GrayOrderButton.png in Resources */ = {isa = PBXBuildFile; fileRef = E4441C951F2155DA00546AF7 /* GrayOrderButton.png */; };
		E4441C981F2155E000546AF7 /* SkyBlueButton.png in Resources */ = {isa = PBXBuildFile; fileRef = E4441C971F2155E000546AF7 /* SkyBlueButton.png */; };
		E4441C9A1F2155E700546AF7 /* BackgroundforAPPGreen.png in Resources */ = {isa = PBXBuildFile; fileRef = E4441C991F2155E700546AF7 /* BackgroundforAPPGreen.png */; };
		E4441C9C1F2155EC00546AF7 /* FoogleSplashScreen.PNG in Resources */ = {isa = PBXBuildFile; fileRef = E4441C9B1F2155EC00546AF7 /* FoogleSplashScreen.PNG */; };
		E4441C9E1F2155F400546AF7 /* OrderButton.png in Resources */ = {isa = PBXBuildFile; fileRef = E4441C9D1F2155F400546AF7 /* OrderButton.png */; };
		E4441CA01F2155F800546AF7 /* arrow_back_white_192x192.png in Resources */ = {isa = PBXBuildFile; fileRef = E4441C9F1F2155F800546AF7 /* arrow_back_white_192x192.png */; };
		E4441CA21F2155FD00546AF7 /* arrow_forward_white_192x192.png in Resources */ = {isa = PBXBuildFile; fileRef = E4441CA11F2155FD00546AF7 /* arrow_forward_white_192x192.png */; };
		E4441CA41F21560600546AF7 /* arrowForwardWhenCantGoForward.png in Resources */ = {isa = PBXBuildFile; fileRef = E4441CA31F21560600546AF7 /* arrowForwardWhenCantGoForward.png */; };
		E4441CA61F21560D00546AF7 /* arrowBackWhenCantGoBack.png in Resources */ = {isa = PBXBuildFile; fileRef = E4441CA51F21560D00546AF7 /* arrowBackWhenCantGoBack.png */; };
		E4441CA81F21561300546AF7 /* backArrow.png in Resources */ = {isa = PBXBuildFile; fileRef = E4441CA71F21561300546AF7 /* backArrow.png */; };
		E4441CAA1F21561900546AF7 /* OrderButtonFalse.png in Resources */ = {isa = PBXBuildFile; fileRef = E4441CA91F21561900546AF7 /* OrderButtonFalse.png */; };
		E4441CAC1F21562100546AF7 /* Settings.png in Resources */ = {isa = PBXBuildFile; fileRef = E4441CAB1F21562100546AF7 /* Settings.png */; };
		E4441CAE1F21562700546AF7 /* BottomBanner.png in Resources */ = {isa = PBXBuildFile; fileRef = E4441CAD1F21562700546AF7 /* BottomBanner.png */; };
		E45E19501F00ACC1008DABD0 /* UIActivityIndicatorView.swift in Sources */ = {isa = PBXBuildFile; fileRef = E45E194F1F00ACC1008DABD0 /* UIActivityIndicatorView.swift */; };
		E46CC2551EF9D4D40063AF18 /* String.swift in Sources */ = {isa = PBXBuildFile; fileRef = E46CC2541EF9D4D40063AF18 /* String.swift */; };
		E471761A1F09B13600E9A65D /* UIView.swift in Sources */ = {isa = PBXBuildFile; fileRef = E47176191F09B13600E9A65D /* UIView.swift */; };
		E473CDCD1F004C3B007CEDEF /* UIButton.swift in Sources */ = {isa = PBXBuildFile; fileRef = E473CDCC1F004C3B007CEDEF /* UIButton.swift */; };
		E492DEB61F1538AB007FA8AD /* Accelerate.framework in Frameworks */ = {isa = PBXBuildFile; fileRef = E492DEB51F1538AB007FA8AD /* Accelerate.framework */; };
		E492DEB81F1538B2007FA8AD /* AudioToolbox.framework in Frameworks */ = {isa = PBXBuildFile; fileRef = E492DEB71F1538B2007FA8AD /* AudioToolbox.framework */; };
		E492DEBA1F1538B8007FA8AD /* AVFoundation.framework in Frameworks */ = {isa = PBXBuildFile; fileRef = E492DEB91F1538B8007FA8AD /* AVFoundation.framework */; };
		E492DEBC1F1538C7007FA8AD /* CoreLocation.framework in Frameworks */ = {isa = PBXBuildFile; fileRef = E492DEBB1F1538C7007FA8AD /* CoreLocation.framework */; };
		E492DEBE1F1538D0007FA8AD /* CoreMedia.framework in Frameworks */ = {isa = PBXBuildFile; fileRef = E492DEBD1F1538D0007FA8AD /* CoreMedia.framework */; };
		E492DEC01F1538E0007FA8AD /* MessageUI.framework in Frameworks */ = {isa = PBXBuildFile; fileRef = E492DEBF1F1538E0007FA8AD /* MessageUI.framework */; };
		E492DEC21F1538ED007FA8AD /* MobileCoreServices.framework in Frameworks */ = {isa = PBXBuildFile; fileRef = E492DEC11F1538ED007FA8AD /* MobileCoreServices.framework */; };
		E492DEC41F1538F9007FA8AD /* SystemConfiguration.framework in Frameworks */ = {isa = PBXBuildFile; fileRef = E492DEC31F1538F9007FA8AD /* SystemConfiguration.framework */; };
		E492DEC61F153911007FA8AD /* SafariServices.framework in Frameworks */ = {isa = PBXBuildFile; fileRef = E492DEC51F153911007FA8AD /* SafariServices.framework */; };
		E49DBDA01F159189005973FE /* ViewControllerForShippingInfo.swift in Sources */ = {isa = PBXBuildFile; fileRef = E49DBD9F1F159189005973FE /* ViewControllerForShippingInfo.swift */; };
		E4E63F511F16F3F2006C6773 /* ViewControllerForSettingsTab.swift in Sources */ = {isa = PBXBuildFile; fileRef = E4E63F501F16F3F2006C6773 /* ViewControllerForSettingsTab.swift */; };
		E4F0C16F1EEA357800CE2D6B /* AppDelegate.swift in Sources */ = {isa = PBXBuildFile; fileRef = E4F0C16E1EEA357800CE2D6B /* AppDelegate.swift */; };
		E4F0C1711EEA357800CE2D6B /* ViewController.swift in Sources */ = {isa = PBXBuildFile; fileRef = E4F0C1701EEA357800CE2D6B /* ViewController.swift */; };
		E4F0C1741EEA357800CE2D6B /* Main.storyboard in Resources */ = {isa = PBXBuildFile; fileRef = E4F0C1721EEA357800CE2D6B /* Main.storyboard */; };
		E4F0C1761EEA357800CE2D6B /* Assets.xcassets in Resources */ = {isa = PBXBuildFile; fileRef = E4F0C1751EEA357800CE2D6B /* Assets.xcassets */; };
		E4F0C1791EEA357800CE2D6B /* LaunchScreen.storyboard in Resources */ = {isa = PBXBuildFile; fileRef = E4F0C1771EEA357800CE2D6B /* LaunchScreen.storyboard */; };
		E4F0C1841EEA357800CE2D6B /* RecipeAppTests.swift in Sources */ = {isa = PBXBuildFile; fileRef = E4F0C1831EEA357800CE2D6B /* RecipeAppTests.swift */; };
		E4F0C18F1EEA357800CE2D6B /* RecipeAppUITests.swift in Sources */ = {isa = PBXBuildFile; fileRef = E4F0C18E1EEA357800CE2D6B /* RecipeAppUITests.swift */; };
		FBB8D7633C8559677FB38319 /* Pods_RecipeApp.framework in Frameworks */ = {isa = PBXBuildFile; fileRef = 4F4D8E3B2ECD13EF80DAC41E /* Pods_RecipeApp.framework */; };
/* End PBXBuildFile section */

/* Begin PBXContainerItemProxy section */
		E4F0C1801EEA357800CE2D6B /* PBXContainerItemProxy */ = {
			isa = PBXContainerItemProxy;
			containerPortal = E4F0C1631EEA357700CE2D6B /* Project object */;
			proxyType = 1;
			remoteGlobalIDString = E4F0C16A1EEA357800CE2D6B;
			remoteInfo = RecipeApp;
		};
		E4F0C18B1EEA357800CE2D6B /* PBXContainerItemProxy */ = {
			isa = PBXContainerItemProxy;
			containerPortal = E4F0C1631EEA357700CE2D6B /* Project object */;
			proxyType = 1;
			remoteGlobalIDString = E4F0C16A1EEA357800CE2D6B;
			remoteInfo = RecipeApp;
		};
/* End PBXContainerItemProxy section */

/* Begin PBXFileReference section */
		4F4D8E3B2ECD13EF80DAC41E /* Pods_RecipeApp.framework */ = {isa = PBXFileReference; explicitFileType = wrapper.framework; includeInIndex = 0; path = Pods_RecipeApp.framework; sourceTree = BUILT_PRODUCTS_DIR; };
		52431E25FD2DEFCD9019DA2B /* Pods-RecipeAppUITests.release.xcconfig */ = {isa = PBXFileReference; includeInIndex = 1; lastKnownFileType = text.xcconfig; name = "Pods-RecipeAppUITests.release.xcconfig"; path = "Pods/Target Support Files/Pods-RecipeAppUITests/Pods-RecipeAppUITests.release.xcconfig"; sourceTree = "<group>"; };
		67E5821614DD9E1F65ECE590 /* Pods_RecipeAppTests.framework */ = {isa = PBXFileReference; explicitFileType = wrapper.framework; includeInIndex = 0; path = Pods_RecipeAppTests.framework; sourceTree = BUILT_PRODUCTS_DIR; };
		6F6CA884AF4567777538EB71 /* Pods-RecipeAppTests.debug.xcconfig */ = {isa = PBXFileReference; includeInIndex = 1; lastKnownFileType = text.xcconfig; name = "Pods-RecipeAppTests.debug.xcconfig"; path = "Pods/Target Support Files/Pods-RecipeAppTests/Pods-RecipeAppTests.debug.xcconfig"; sourceTree = "<group>"; };
		7797EEAA20E091EF841135C6 /* Pods-RecipeAppTests.release.xcconfig */ = {isa = PBXFileReference; includeInIndex = 1; lastKnownFileType = text.xcconfig; name = "Pods-RecipeAppTests.release.xcconfig"; path = "Pods/Target Support Files/Pods-RecipeAppTests/Pods-RecipeAppTests.release.xcconfig"; sourceTree = "<group>"; };
		8DB57CA858E0E7F8B07DB874 /* Pods_RecipeAppUITests.framework */ = {isa = PBXFileReference; explicitFileType = wrapper.framework; includeInIndex = 0; path = Pods_RecipeAppUITests.framework; sourceTree = BUILT_PRODUCTS_DIR; };
		A08C6C294743B732C77363B8 /* Pods-RecipeApp.release.xcconfig */ = {isa = PBXFileReference; includeInIndex = 1; lastKnownFileType = text.xcconfig; name = "Pods-RecipeApp.release.xcconfig"; path = "Pods/Target Support Files/Pods-RecipeApp/Pods-RecipeApp.release.xcconfig"; sourceTree = "<group>"; };
		D49737A811A2AE8FAAEBA873 /* Pods-RecipeAppUITests.debug.xcconfig */ = {isa = PBXFileReference; includeInIndex = 1; lastKnownFileType = text.xcconfig; name = "Pods-RecipeAppUITests.debug.xcconfig"; path = "Pods/Target Support Files/Pods-RecipeAppUITests/Pods-RecipeAppUITests.debug.xcconfig"; sourceTree = "<group>"; };
		E40B9B291F1A912B00469D15 /* ViewControllerForOrderInfo.swift */ = {isa = PBXFileReference; fileEncoding = 4; lastKnownFileType = sourcecode.swift; path = ViewControllerForOrderInfo.swift; sourceTree = "<group>"; };
		E4441C831F211DA300546AF7 /* UIDevice.swift */ = {isa = PBXFileReference; fileEncoding = 4; lastKnownFileType = sourcecode.swift; path = UIDevice.swift; sourceTree = "<group>"; };
		E4441C851F21559F00546AF7 /* Banner.png */ = {isa = PBXFileReference; lastKnownFileType = image.png; name = Banner.png; path = ../../../../../Downloads/Banner.png; sourceTree = "<group>"; };
		E4441C871F2155B300546AF7 /* Backdrop.png */ = {isa = PBXFileReference; lastKnownFileType = image.png; name = Backdrop.png; path = ../../../../../Downloads/Backdrop.png; sourceTree = "<group>"; };
		E4441C891F2155B800546AF7 /* WhiteBar.png */ = {isa = PBXFileReference; lastKnownFileType = image.png; name = WhiteBar.png; path = ../../../../../Downloads/WhiteBar.png; sourceTree = "<group>"; };
		E4441C8B1F2155BE00546AF7 /* ExitButton.png */ = {isa = PBXFileReference; lastKnownFileType = image.png; name = ExitButton.png; path = ../../../../../Downloads/ExitButton.png; sourceTree = "<group>"; };
		E4441C8D1F2155C200546AF7 /* PlusSign.png */ = {isa = PBXFileReference; lastKnownFileType = image.png; name = PlusSign.png; path = ../../../../../Downloads/PlusSign.png; sourceTree = "<group>"; };
		E4441C911F2155CD00546AF7 /* BackgroundforAPP.png */ = {isa = PBXFileReference; lastKnownFileType = image.png; name = BackgroundforAPP.png; path = ../../../../../Downloads/BackgroundforAPP.png; sourceTree = "<group>"; };
		E4441C931F2155D300546AF7 /* BackgroundforFoogle.png */ = {isa = PBXFileReference; lastKnownFileType = image.png; name = BackgroundforFoogle.png; path = "/Users/Rahulkumar0630/Desktop/RecipeApp-master 4/RecipeApp/../../../Downloads/BackgroundforFoogle.png"; sourceTree = "<absolute>"; };
		E4441C951F2155DA00546AF7 /* GrayOrderButton.png */ = {isa = PBXFileReference; lastKnownFileType = image.png; name = GrayOrderButton.png; path = ../../../../../Downloads/GrayOrderButton.png; sourceTree = "<group>"; };
		E4441C971F2155E000546AF7 /* SkyBlueButton.png */ = {isa = PBXFileReference; lastKnownFileType = image.png; name = SkyBlueButton.png; path = "/Users/Rahulkumar0630/Desktop/RecipeApp-master 4/RecipeApp/../../../Downloads/SkyBlueButton.png"; sourceTree = "<absolute>"; };
		E4441C991F2155E700546AF7 /* BackgroundforAPPGreen.png */ = {isa = PBXFileReference; lastKnownFileType = image.png; name = BackgroundforAPPGreen.png; path = "/Users/Rahulkumar0630/Desktop/RecipeApp-master 4/RecipeApp/../../../Downloads/BackgroundforAPPGreen.png"; sourceTree = "<absolute>"; };
		E4441C9B1F2155EC00546AF7 /* FoogleSplashScreen.PNG */ = {isa = PBXFileReference; lastKnownFileType = image.png; name = FoogleSplashScreen.PNG; path = ../../../../../Downloads/FoogleSplashScreen.PNG; sourceTree = "<group>"; };
		E4441C9D1F2155F400546AF7 /* OrderButton.png */ = {isa = PBXFileReference; lastKnownFileType = image.png; name = OrderButton.png; path = ../../../../../Downloads/OrderButton.png; sourceTree = "<group>"; };
		E4441C9F1F2155F800546AF7 /* arrow_back_white_192x192.png */ = {isa = PBXFileReference; lastKnownFileType = image.png; name = arrow_back_white_192x192.png; path = ../../../../../Downloads/arrow_back_white_192x192.png; sourceTree = "<group>"; };
		E4441CA11F2155FD00546AF7 /* arrow_forward_white_192x192.png */ = {isa = PBXFileReference; lastKnownFileType = image.png; name = arrow_forward_white_192x192.png; path = "/Users/Rahulkumar0630/Desktop/RecipeApp-master 4/RecipeApp/../../../Downloads/arrow_forward_white_192x192.png"; sourceTree = "<absolute>"; };
		E4441CA31F21560600546AF7 /* arrowForwardWhenCantGoForward.png */ = {isa = PBXFileReference; lastKnownFileType = image.png; name = arrowForwardWhenCantGoForward.png; path = ../../../../../Downloads/arrowForwardWhenCantGoForward.png; sourceTree = "<group>"; };
		E4441CA51F21560D00546AF7 /* arrowBackWhenCantGoBack.png */ = {isa = PBXFileReference; lastKnownFileType = image.png; name = arrowBackWhenCantGoBack.png; path = ../../../../../Downloads/arrowBackWhenCantGoBack.png; sourceTree = "<group>"; };
		E4441CA71F21561300546AF7 /* backArrow.png */ = {isa = PBXFileReference; lastKnownFileType = image.png; name = backArrow.png; path = ../../../../../Downloads/backArrow.png; sourceTree = "<group>"; };
		E4441CA91F21561900546AF7 /* OrderButtonFalse.png */ = {isa = PBXFileReference; lastKnownFileType = image.png; name = OrderButtonFalse.png; path = ../../../../../Downloads/OrderButtonFalse.png; sourceTree = "<group>"; };
		E4441CAB1F21562100546AF7 /* Settings.png */ = {isa = PBXFileReference; lastKnownFileType = image.png; name = Settings.png; path = ../../../../../Downloads/Settings.png; sourceTree = "<group>"; };
		E4441CAD1F21562700546AF7 /* BottomBanner.png */ = {isa = PBXFileReference; lastKnownFileType = image.png; name = BottomBanner.png; path = "/Users/Rahulkumar0630/Desktop/RecipeApp-master 4/RecipeApp/../../../Downloads/BottomBanner.png"; sourceTree = "<absolute>"; };
		E45E194F1F00ACC1008DABD0 /* UIActivityIndicatorView.swift */ = {isa = PBXFileReference; fileEncoding = 4; lastKnownFileType = sourcecode.swift; path = UIActivityIndicatorView.swift; sourceTree = "<group>"; };
		E46CC2541EF9D4D40063AF18 /* String.swift */ = {isa = PBXFileReference; fileEncoding = 4; lastKnownFileType = sourcecode.swift; path = String.swift; sourceTree = "<group>"; };
		E47176191F09B13600E9A65D /* UIView.swift */ = {isa = PBXFileReference; fileEncoding = 4; lastKnownFileType = sourcecode.swift; path = UIView.swift; sourceTree = "<group>"; };
		E473CDCC1F004C3B007CEDEF /* UIButton.swift */ = {isa = PBXFileReference; fileEncoding = 4; lastKnownFileType = sourcecode.swift; path = UIButton.swift; sourceTree = "<group>"; };
		E492DEB51F1538AB007FA8AD /* Accelerate.framework */ = {isa = PBXFileReference; lastKnownFileType = wrapper.framework; name = Accelerate.framework; path = System/Library/Frameworks/Accelerate.framework; sourceTree = SDKROOT; };
		E492DEB71F1538B2007FA8AD /* AudioToolbox.framework */ = {isa = PBXFileReference; lastKnownFileType = wrapper.framework; name = AudioToolbox.framework; path = System/Library/Frameworks/AudioToolbox.framework; sourceTree = SDKROOT; };
		E492DEB91F1538B8007FA8AD /* AVFoundation.framework */ = {isa = PBXFileReference; lastKnownFileType = wrapper.framework; name = AVFoundation.framework; path = System/Library/Frameworks/AVFoundation.framework; sourceTree = SDKROOT; };
		E492DEBB1F1538C7007FA8AD /* CoreLocation.framework */ = {isa = PBXFileReference; lastKnownFileType = wrapper.framework; name = CoreLocation.framework; path = System/Library/Frameworks/CoreLocation.framework; sourceTree = SDKROOT; };
		E492DEBD1F1538D0007FA8AD /* CoreMedia.framework */ = {isa = PBXFileReference; lastKnownFileType = wrapper.framework; name = CoreMedia.framework; path = System/Library/Frameworks/CoreMedia.framework; sourceTree = SDKROOT; };
		E492DEBF1F1538E0007FA8AD /* MessageUI.framework */ = {isa = PBXFileReference; lastKnownFileType = wrapper.framework; name = MessageUI.framework; path = System/Library/Frameworks/MessageUI.framework; sourceTree = SDKROOT; };
		E492DEC11F1538ED007FA8AD /* MobileCoreServices.framework */ = {isa = PBXFileReference; lastKnownFileType = wrapper.framework; name = MobileCoreServices.framework; path = System/Library/Frameworks/MobileCoreServices.framework; sourceTree = SDKROOT; };
		E492DEC31F1538F9007FA8AD /* SystemConfiguration.framework */ = {isa = PBXFileReference; lastKnownFileType = wrapper.framework; name = SystemConfiguration.framework; path = System/Library/Frameworks/SystemConfiguration.framework; sourceTree = SDKROOT; };
		E492DEC51F153911007FA8AD /* SafariServices.framework */ = {isa = PBXFileReference; lastKnownFileType = wrapper.framework; name = SafariServices.framework; path = System/Library/Frameworks/SafariServices.framework; sourceTree = SDKROOT; };
		E492DEC71F1539DC007FA8AD /* RecipeApp-Bridging-Header.h */ = {isa = PBXFileReference; lastKnownFileType = sourcecode.c.h; path = "RecipeApp-Bridging-Header.h"; sourceTree = SOURCE_ROOT; };
		E49DBD9F1F159189005973FE /* ViewControllerForShippingInfo.swift */ = {isa = PBXFileReference; fileEncoding = 4; lastKnownFileType = sourcecode.swift; path = ViewControllerForShippingInfo.swift; sourceTree = "<group>"; };
		E4E63F501F16F3F2006C6773 /* ViewControllerForSettingsTab.swift */ = {isa = PBXFileReference; fileEncoding = 4; lastKnownFileType = sourcecode.swift; path = ViewControllerForSettingsTab.swift; sourceTree = "<group>"; };
		E4F0C16B1EEA357800CE2D6B /* Foogle Food.app */ = {isa = PBXFileReference; explicitFileType = wrapper.application; includeInIndex = 0; path = "Foogle Food.app"; sourceTree = BUILT_PRODUCTS_DIR; };
		E4F0C16E1EEA357800CE2D6B /* AppDelegate.swift */ = {isa = PBXFileReference; lastKnownFileType = sourcecode.swift; path = AppDelegate.swift; sourceTree = "<group>"; };
		E4F0C1701EEA357800CE2D6B /* ViewController.swift */ = {isa = PBXFileReference; lastKnownFileType = sourcecode.swift; path = ViewController.swift; sourceTree = "<group>"; };
		E4F0C1731EEA357800CE2D6B /* Base */ = {isa = PBXFileReference; lastKnownFileType = file.storyboard; name = Base; path = Base.lproj/Main.storyboard; sourceTree = "<group>"; };
		E4F0C1751EEA357800CE2D6B /* Assets.xcassets */ = {isa = PBXFileReference; lastKnownFileType = folder.assetcatalog; path = Assets.xcassets; sourceTree = "<group>"; };
		E4F0C1781EEA357800CE2D6B /* Base */ = {isa = PBXFileReference; lastKnownFileType = file.storyboard; name = Base; path = Base.lproj/LaunchScreen.storyboard; sourceTree = "<group>"; };
		E4F0C17A1EEA357800CE2D6B /* Info.plist */ = {isa = PBXFileReference; lastKnownFileType = text.plist.xml; path = Info.plist; sourceTree = "<group>"; };
		E4F0C17F1EEA357800CE2D6B /* RecipeAppTests.xctest */ = {isa = PBXFileReference; explicitFileType = wrapper.cfbundle; includeInIndex = 0; path = RecipeAppTests.xctest; sourceTree = BUILT_PRODUCTS_DIR; };
		E4F0C1831EEA357800CE2D6B /* RecipeAppTests.swift */ = {isa = PBXFileReference; lastKnownFileType = sourcecode.swift; path = RecipeAppTests.swift; sourceTree = "<group>"; };
		E4F0C1851EEA357800CE2D6B /* Info.plist */ = {isa = PBXFileReference; lastKnownFileType = text.plist.xml; path = Info.plist; sourceTree = "<group>"; };
		E4F0C18A1EEA357800CE2D6B /* RecipeAppUITests.xctest */ = {isa = PBXFileReference; explicitFileType = wrapper.cfbundle; includeInIndex = 0; path = RecipeAppUITests.xctest; sourceTree = BUILT_PRODUCTS_DIR; };
		E4F0C18E1EEA357800CE2D6B /* RecipeAppUITests.swift */ = {isa = PBXFileReference; lastKnownFileType = sourcecode.swift; path = RecipeAppUITests.swift; sourceTree = "<group>"; };
		E4F0C1901EEA357800CE2D6B /* Info.plist */ = {isa = PBXFileReference; lastKnownFileType = text.plist.xml; path = Info.plist; sourceTree = "<group>"; };
		E4F231C31F2E9DB40064D849 /* ZZAppDelegate.h */ = {isa = PBXFileReference; lastKnownFileType = sourcecode.c.h; path = ZZAppDelegate.h; sourceTree = "<group>"; };
		F795845841F004B1237C684D /* Pods-RecipeApp.debug.xcconfig */ = {isa = PBXFileReference; includeInIndex = 1; lastKnownFileType = text.xcconfig; name = "Pods-RecipeApp.debug.xcconfig"; path = "Pods/Target Support Files/Pods-RecipeApp/Pods-RecipeApp.debug.xcconfig"; sourceTree = "<group>"; };
/* End PBXFileReference section */

/* Begin PBXFrameworksBuildPhase section */
		E4F0C1681EEA357800CE2D6B /* Frameworks */ = {
			isa = PBXFrameworksBuildPhase;
			buildActionMask = 2147483647;
			files = (
				E492DEC61F153911007FA8AD /* SafariServices.framework in Frameworks */,
				E492DEC41F1538F9007FA8AD /* SystemConfiguration.framework in Frameworks */,
				E492DEC21F1538ED007FA8AD /* MobileCoreServices.framework in Frameworks */,
				E492DEC01F1538E0007FA8AD /* MessageUI.framework in Frameworks */,
				E492DEBE1F1538D0007FA8AD /* CoreMedia.framework in Frameworks */,
				E492DEBC1F1538C7007FA8AD /* CoreLocation.framework in Frameworks */,
				E492DEBA1F1538B8007FA8AD /* AVFoundation.framework in Frameworks */,
				E492DEB81F1538B2007FA8AD /* AudioToolbox.framework in Frameworks */,
				E492DEB61F1538AB007FA8AD /* Accelerate.framework in Frameworks */,
				FBB8D7633C8559677FB38319 /* Pods_RecipeApp.framework in Frameworks */,
			);
			runOnlyForDeploymentPostprocessing = 0;
		};
		E4F0C17C1EEA357800CE2D6B /* Frameworks */ = {
			isa = PBXFrameworksBuildPhase;
			buildActionMask = 2147483647;
			files = (
				79C9933AF5506F5F40D006B6 /* Pods_RecipeAppTests.framework in Frameworks */,
			);
			runOnlyForDeploymentPostprocessing = 0;
		};
		E4F0C1871EEA357800CE2D6B /* Frameworks */ = {
			isa = PBXFrameworksBuildPhase;
			buildActionMask = 2147483647;
			files = (
				7776F9B838821843A99502BB /* Pods_RecipeAppUITests.framework in Frameworks */,
			);
			runOnlyForDeploymentPostprocessing = 0;
		};
/* End PBXFrameworksBuildPhase section */

/* Begin PBXGroup section */
		43EB7A1E257183FB726B1760 /* Frameworks */ = {
			isa = PBXGroup;
			children = (
				E492DEC51F153911007FA8AD /* SafariServices.framework */,
				E492DEC31F1538F9007FA8AD /* SystemConfiguration.framework */,
				E492DEC11F1538ED007FA8AD /* MobileCoreServices.framework */,
				E492DEBF1F1538E0007FA8AD /* MessageUI.framework */,
				E492DEBD1F1538D0007FA8AD /* CoreMedia.framework */,
				E492DEBB1F1538C7007FA8AD /* CoreLocation.framework */,
				E492DEB91F1538B8007FA8AD /* AVFoundation.framework */,
				E492DEB71F1538B2007FA8AD /* AudioToolbox.framework */,
				E492DEB51F1538AB007FA8AD /* Accelerate.framework */,
				4F4D8E3B2ECD13EF80DAC41E /* Pods_RecipeApp.framework */,
				67E5821614DD9E1F65ECE590 /* Pods_RecipeAppTests.framework */,
				8DB57CA858E0E7F8B07DB874 /* Pods_RecipeAppUITests.framework */,
			);
			name = Frameworks;
			sourceTree = "<group>";
		};
		B04A798F378D9EB5CF1ED6AC /* Pods */ = {
			isa = PBXGroup;
			children = (
				F795845841F004B1237C684D /* Pods-RecipeApp.debug.xcconfig */,
				A08C6C294743B732C77363B8 /* Pods-RecipeApp.release.xcconfig */,
				6F6CA884AF4567777538EB71 /* Pods-RecipeAppTests.debug.xcconfig */,
				7797EEAA20E091EF841135C6 /* Pods-RecipeAppTests.release.xcconfig */,
				D49737A811A2AE8FAAEBA873 /* Pods-RecipeAppUITests.debug.xcconfig */,
				52431E25FD2DEFCD9019DA2B /* Pods-RecipeAppUITests.release.xcconfig */,
			);
			name = Pods;
			sourceTree = "<group>";
		};
		E4F0C1621EEA357700CE2D6B = {
			isa = PBXGroup;
			children = (
				E4F0C16D1EEA357800CE2D6B /* RecipeApp */,
				E4F0C1821EEA357800CE2D6B /* RecipeAppTests */,
				E4F0C18D1EEA357800CE2D6B /* RecipeAppUITests */,
				E4F0C16C1EEA357800CE2D6B /* Products */,
				B04A798F378D9EB5CF1ED6AC /* Pods */,
				43EB7A1E257183FB726B1760 /* Frameworks */,
			);
			sourceTree = "<group>";
		};
		E4F0C16C1EEA357800CE2D6B /* Products */ = {
			isa = PBXGroup;
			children = (
				E4F0C16B1EEA357800CE2D6B /* Foogle Food.app */,
				E4F0C17F1EEA357800CE2D6B /* RecipeAppTests.xctest */,
				E4F0C18A1EEA357800CE2D6B /* RecipeAppUITests.xctest */,
			);
			name = Products;
			sourceTree = "<group>";
		};
		E4F0C16D1EEA357800CE2D6B /* RecipeApp */ = {
			isa = PBXGroup;
			children = (
				E4F0C16E1EEA357800CE2D6B /* AppDelegate.swift */,
				E4F0C1701EEA357800CE2D6B /* ViewController.swift */,
				E4441C831F211DA300546AF7 /* UIDevice.swift */,
				E49DBD9F1F159189005973FE /* ViewControllerForShippingInfo.swift */,
				E4E63F501F16F3F2006C6773 /* ViewControllerForSettingsTab.swift */,
				E40B9B291F1A912B00469D15 /* ViewControllerForOrderInfo.swift */,
				E46CC2541EF9D4D40063AF18 /* String.swift */,
				E4F0C1721EEA357800CE2D6B /* Main.storyboard */,
				E47176191F09B13600E9A65D /* UIView.swift */,
				E45E194F1F00ACC1008DABD0 /* UIActivityIndicatorView.swift */,
				E473CDCC1F004C3B007CEDEF /* UIButton.swift */,
				E4441C851F21559F00546AF7 /* Banner.png */,
				E4441C871F2155B300546AF7 /* Backdrop.png */,
				E4441C891F2155B800546AF7 /* WhiteBar.png */,
				E4441C8B1F2155BE00546AF7 /* ExitButton.png */,
				E4441C8D1F2155C200546AF7 /* PlusSign.png */,
				E4441C911F2155CD00546AF7 /* BackgroundforAPP.png */,
				E4441C931F2155D300546AF7 /* BackgroundforFoogle.png */,
				E4441C951F2155DA00546AF7 /* GrayOrderButton.png */,
				E4441C971F2155E000546AF7 /* SkyBlueButton.png */,
				E4441C991F2155E700546AF7 /* BackgroundforAPPGreen.png */,
				E4441C9B1F2155EC00546AF7 /* FoogleSplashScreen.PNG */,
				E4441C9D1F2155F400546AF7 /* OrderButton.png */,
				E4441C9F1F2155F800546AF7 /* arrow_back_white_192x192.png */,
				E4441CA11F2155FD00546AF7 /* arrow_forward_white_192x192.png */,
				E4441CA31F21560600546AF7 /* arrowForwardWhenCantGoForward.png */,
				E4441CA51F21560D00546AF7 /* arrowBackWhenCantGoBack.png */,
				E4441CA71F21561300546AF7 /* backArrow.png */,
				E4441CA91F21561900546AF7 /* OrderButtonFalse.png */,
				E4441CAB1F21562100546AF7 /* Settings.png */,
				E4441CAD1F21562700546AF7 /* BottomBanner.png */,
				E4F0C1751EEA357800CE2D6B /* Assets.xcassets */,
				E4F0C1771EEA357800CE2D6B /* LaunchScreen.storyboard */,
				E4F0C17A1EEA357800CE2D6B /* Info.plist */,
				E492DEC71F1539DC007FA8AD /* RecipeApp-Bridging-Header.h */,
				E4F231C31F2E9DB40064D849 /* ZZAppDelegate.h */,
			);
			path = RecipeApp;
			sourceTree = "<group>";
		};
		E4F0C1821EEA357800CE2D6B /* RecipeAppTests */ = {
			isa = PBXGroup;
			children = (
				E4F0C1831EEA357800CE2D6B /* RecipeAppTests.swift */,
				E4F0C1851EEA357800CE2D6B /* Info.plist */,
			);
			path = RecipeAppTests;
			sourceTree = "<group>";
		};
		E4F0C18D1EEA357800CE2D6B /* RecipeAppUITests */ = {
			isa = PBXGroup;
			children = (
				E4F0C18E1EEA357800CE2D6B /* RecipeAppUITests.swift */,
				E4F0C1901EEA357800CE2D6B /* Info.plist */,
			);
			path = RecipeAppUITests;
			sourceTree = "<group>";
		};
/* End PBXGroup section */

/* Begin PBXNativeTarget section */
		E4F0C16A1EEA357800CE2D6B /* RecipeApp */ = {
			isa = PBXNativeTarget;
			buildConfigurationList = E4F0C1931EEA357800CE2D6B /* Build configuration list for PBXNativeTarget "RecipeApp" */;
			buildPhases = (
				CF6E37A3198C0FC23C7B3E97 /* [CP] Check Pods Manifest.lock */,
				E4F0C1671EEA357800CE2D6B /* Sources */,
				E4F0C1681EEA357800CE2D6B /* Frameworks */,
				E4F0C1691EEA357800CE2D6B /* Resources */,
				107A13DA7573F952BBAF26E2 /* [CP] Embed Pods Frameworks */,
				41E8DAB381A3B6AF2CCBF572 /* [CP] Copy Pods Resources */,
			);
			buildRules = (
			);
			dependencies = (
			);
			name = RecipeApp;
			productName = RecipeApp;
			productReference = E4F0C16B1EEA357800CE2D6B /* Foogle Food.app */;
			productType = "com.apple.product-type.application";
		};
		E4F0C17E1EEA357800CE2D6B /* RecipeAppTests */ = {
			isa = PBXNativeTarget;
			buildConfigurationList = E4F0C1961EEA357800CE2D6B /* Build configuration list for PBXNativeTarget "RecipeAppTests" */;
			buildPhases = (
				EC714094D77F6BCC6FF4EF06 /* [CP] Check Pods Manifest.lock */,
				E4F0C17B1EEA357800CE2D6B /* Sources */,
				E4F0C17C1EEA357800CE2D6B /* Frameworks */,
				E4F0C17D1EEA357800CE2D6B /* Resources */,
				91186AB924847194943DE30E /* [CP] Embed Pods Frameworks */,
				A1315BD3E85328B40FB0C278 /* [CP] Copy Pods Resources */,
			);
			buildRules = (
			);
			dependencies = (
				E4F0C1811EEA357800CE2D6B /* PBXTargetDependency */,
			);
			name = RecipeAppTests;
			productName = RecipeAppTests;
			productReference = E4F0C17F1EEA357800CE2D6B /* RecipeAppTests.xctest */;
			productType = "com.apple.product-type.bundle.unit-test";
		};
		E4F0C1891EEA357800CE2D6B /* RecipeAppUITests */ = {
			isa = PBXNativeTarget;
			buildConfigurationList = E4F0C1991EEA357800CE2D6B /* Build configuration list for PBXNativeTarget "RecipeAppUITests" */;
			buildPhases = (
				668DA33C1EAB089C781BA0CB /* [CP] Check Pods Manifest.lock */,
				E4F0C1861EEA357800CE2D6B /* Sources */,
				E4F0C1871EEA357800CE2D6B /* Frameworks */,
				E4F0C1881EEA357800CE2D6B /* Resources */,
				96EE99A95278527CC06E6DB7 /* [CP] Embed Pods Frameworks */,
				AACC0EDAC9EB0A953C4520E4 /* [CP] Copy Pods Resources */,
			);
			buildRules = (
			);
			dependencies = (
				E4F0C18C1EEA357800CE2D6B /* PBXTargetDependency */,
			);
			name = RecipeAppUITests;
			productName = RecipeAppUITests;
			productReference = E4F0C18A1EEA357800CE2D6B /* RecipeAppUITests.xctest */;
			productType = "com.apple.product-type.bundle.ui-testing";
		};
/* End PBXNativeTarget section */

/* Begin PBXProject section */
		E4F0C1631EEA357700CE2D6B /* Project object */ = {
			isa = PBXProject;
			attributes = {
				LastSwiftUpdateCheck = 0830;
				LastUpgradeCheck = 0830;
				ORGANIZATIONNAME = "Rahul Kumar";
				TargetAttributes = {
					E4F0C16A1EEA357800CE2D6B = {
						CreatedOnToolsVersion = 8.3.2;
						DevelopmentTeam = FL3J93TK96;
						LastSwiftMigration = 0830;
						ProvisioningStyle = Automatic;
					};
					E4F0C17E1EEA357800CE2D6B = {
						CreatedOnToolsVersion = 8.3.2;
						DevelopmentTeam = FL3J93TK96;
						ProvisioningStyle = Automatic;
						TestTargetID = E4F0C16A1EEA357800CE2D6B;
					};
					E4F0C1891EEA357800CE2D6B = {
						CreatedOnToolsVersion = 8.3.2;
						DevelopmentTeam = FL3J93TK96;
						ProvisioningStyle = Automatic;
						TestTargetID = E4F0C16A1EEA357800CE2D6B;
					};
				};
			};
			buildConfigurationList = E4F0C1661EEA357700CE2D6B /* Build configuration list for PBXProject "RecipeApp" */;
			compatibilityVersion = "Xcode 3.2";
			developmentRegion = English;
			hasScannedForEncodings = 0;
			knownRegions = (
				en,
				Base,
			);
			mainGroup = E4F0C1621EEA357700CE2D6B;
			productRefGroup = E4F0C16C1EEA357800CE2D6B /* Products */;
			projectDirPath = "";
			projectRoot = "";
			targets = (
				E4F0C16A1EEA357800CE2D6B /* RecipeApp */,
				E4F0C17E1EEA357800CE2D6B /* RecipeAppTests */,
				E4F0C1891EEA357800CE2D6B /* RecipeAppUITests */,
			);
		};
/* End PBXProject section */

/* Begin PBXResourcesBuildPhase section */
		E4F0C1691EEA357800CE2D6B /* Resources */ = {
			isa = PBXResourcesBuildPhase;
			buildActionMask = 2147483647;
			files = (
				E4441CAC1F21562100546AF7 /* Settings.png in Resources */,
				E4441CA61F21560D00546AF7 /* arrowBackWhenCantGoBack.png in Resources */,
				E4441C961F2155DA00546AF7 /* GrayOrderButton.png in Resources */,
				E4441C881F2155B300546AF7 /* Backdrop.png in Resources */,
				E4441C8C1F2155BE00546AF7 /* ExitButton.png in Resources */,
				E4441CAE1F21562700546AF7 /* BottomBanner.png in Resources */,
				E4441C8A1F2155B800546AF7 /* WhiteBar.png in Resources */,
				E4441CA01F2155F800546AF7 /* arrow_back_white_192x192.png in Resources */,
				E4F0C1791EEA357800CE2D6B /* LaunchScreen.storyboard in Resources */,
				E4441CAA1F21561900546AF7 /* OrderButtonFalse.png in Resources */,
				E4441C8E1F2155C200546AF7 /* PlusSign.png in Resources */,
				E4441CA81F21561300546AF7 /* backArrow.png in Resources */,
				E4441C941F2155D300546AF7 /* BackgroundforFoogle.png in Resources */,
				E4F0C1761EEA357800CE2D6B /* Assets.xcassets in Resources */,
				E4F0C1741EEA357800CE2D6B /* Main.storyboard in Resources */,
				E4441C9E1F2155F400546AF7 /* OrderButton.png in Resources */,
				E4441CA21F2155FD00546AF7 /* arrow_forward_white_192x192.png in Resources */,
				E4441C981F2155E000546AF7 /* SkyBlueButton.png in Resources */,
				E4441C9C1F2155EC00546AF7 /* FoogleSplashScreen.PNG in Resources */,
				E4441CA41F21560600546AF7 /* arrowForwardWhenCantGoForward.png in Resources */,
				E4441C861F21559F00546AF7 /* Banner.png in Resources */,
				E4441C921F2155CD00546AF7 /* BackgroundforAPP.png in Resources */,
				E4441C9A1F2155E700546AF7 /* BackgroundforAPPGreen.png in Resources */,
			);
			runOnlyForDeploymentPostprocessing = 0;
		};
		E4F0C17D1EEA357800CE2D6B /* Resources */ = {
			isa = PBXResourcesBuildPhase;
			buildActionMask = 2147483647;
			files = (
			);
			runOnlyForDeploymentPostprocessing = 0;
		};
		E4F0C1881EEA357800CE2D6B /* Resources */ = {
			isa = PBXResourcesBuildPhase;
			buildActionMask = 2147483647;
			files = (
			);
			runOnlyForDeploymentPostprocessing = 0;
		};
/* End PBXResourcesBuildPhase section */

/* Begin PBXShellScriptBuildPhase section */
		107A13DA7573F952BBAF26E2 /* [CP] Embed Pods Frameworks */ = {
			isa = PBXShellScriptBuildPhase;
			buildActionMask = 2147483647;
			files = (
			);
			inputPaths = (
			);
			name = "[CP] Embed Pods Frameworks";
			outputPaths = (
			);
			runOnlyForDeploymentPostprocessing = 0;
			shellPath = /bin/sh;
			shellScript = "\"${SRCROOT}/Pods/Target Support Files/Pods-RecipeApp/Pods-RecipeApp-frameworks.sh\"\n";
			showEnvVarsInLog = 0;
		};
		41E8DAB381A3B6AF2CCBF572 /* [CP] Copy Pods Resources */ = {
			isa = PBXShellScriptBuildPhase;
			buildActionMask = 2147483647;
			files = (
			);
			inputPaths = (
			);
			name = "[CP] Copy Pods Resources";
			outputPaths = (
			);
			runOnlyForDeploymentPostprocessing = 0;
			shellPath = /bin/sh;
			shellScript = "\"${SRCROOT}/Pods/Target Support Files/Pods-RecipeApp/Pods-RecipeApp-resources.sh\"\n";
			showEnvVarsInLog = 0;
		};
		668DA33C1EAB089C781BA0CB /* [CP] Check Pods Manifest.lock */ = {
			isa = PBXShellScriptBuildPhase;
			buildActionMask = 2147483647;
			files = (
			);
			inputPaths = (
			);
			name = "[CP] Check Pods Manifest.lock";
			outputPaths = (
			);
			runOnlyForDeploymentPostprocessing = 0;
			shellPath = /bin/sh;
			shellScript = "diff \"${PODS_PODFILE_DIR_PATH}/Podfile.lock\" \"${PODS_ROOT}/Manifest.lock\" > /dev/null\nif [ $? != 0 ] ; then\n    # print error to STDERR\n    echo \"error: The sandbox is not in sync with the Podfile.lock. Run 'pod install' or update your CocoaPods installation.\" >&2\n    exit 1\nfi\n";
			showEnvVarsInLog = 0;
		};
		91186AB924847194943DE30E /* [CP] Embed Pods Frameworks */ = {
			isa = PBXShellScriptBuildPhase;
			buildActionMask = 2147483647;
			files = (
			);
			inputPaths = (
			);
			name = "[CP] Embed Pods Frameworks";
			outputPaths = (
			);
			runOnlyForDeploymentPostprocessing = 0;
			shellPath = /bin/sh;
			shellScript = "\"${SRCROOT}/Pods/Target Support Files/Pods-RecipeAppTests/Pods-RecipeAppTests-frameworks.sh\"\n";
			showEnvVarsInLog = 0;
		};
		96EE99A95278527CC06E6DB7 /* [CP] Embed Pods Frameworks */ = {
			isa = PBXShellScriptBuildPhase;
			buildActionMask = 2147483647;
			files = (
			);
			inputPaths = (
			);
			name = "[CP] Embed Pods Frameworks";
			outputPaths = (
			);
			runOnlyForDeploymentPostprocessing = 0;
			shellPath = /bin/sh;
			shellScript = "\"${SRCROOT}/Pods/Target Support Files/Pods-RecipeAppUITests/Pods-RecipeAppUITests-frameworks.sh\"\n";
			showEnvVarsInLog = 0;
		};
		A1315BD3E85328B40FB0C278 /* [CP] Copy Pods Resources */ = {
			isa = PBXShellScriptBuildPhase;
			buildActionMask = 2147483647;
			files = (
			);
			inputPaths = (
			);
			name = "[CP] Copy Pods Resources";
			outputPaths = (
			);
			runOnlyForDeploymentPostprocessing = 0;
			shellPath = /bin/sh;
			shellScript = "\"${SRCROOT}/Pods/Target Support Files/Pods-RecipeAppTests/Pods-RecipeAppTests-resources.sh\"\n";
			showEnvVarsInLog = 0;
		};
		AACC0EDAC9EB0A953C4520E4 /* [CP] Copy Pods Resources */ = {
			isa = PBXShellScriptBuildPhase;
			buildActionMask = 2147483647;
			files = (
			);
			inputPaths = (
			);
			name = "[CP] Copy Pods Resources";
			outputPaths = (
			);
			runOnlyForDeploymentPostprocessing = 0;
			shellPath = /bin/sh;
			shellScript = "\"${SRCROOT}/Pods/Target Support Files/Pods-RecipeAppUITests/Pods-RecipeAppUITests-resources.sh\"\n";
			showEnvVarsInLog = 0;
		};
		CF6E37A3198C0FC23C7B3E97 /* [CP] Check Pods Manifest.lock */ = {
			isa = PBXShellScriptBuildPhase;
			buildActionMask = 2147483647;
			files = (
			);
			inputPaths = (
			);
			name = "[CP] Check Pods Manifest.lock";
			outputPaths = (
			);
			runOnlyForDeploymentPostprocessing = 0;
			shellPath = /bin/sh;
			shellScript = "diff \"${PODS_PODFILE_DIR_PATH}/Podfile.lock\" \"${PODS_ROOT}/Manifest.lock\" > /dev/null\nif [ $? != 0 ] ; then\n    # print error to STDERR\n    echo \"error: The sandbox is not in sync with the Podfile.lock. Run 'pod install' or update your CocoaPods installation.\" >&2\n    exit 1\nfi\n";
			showEnvVarsInLog = 0;
		};
		EC714094D77F6BCC6FF4EF06 /* [CP] Check Pods Manifest.lock */ = {
			isa = PBXShellScriptBuildPhase;
			buildActionMask = 2147483647;
			files = (
			);
			inputPaths = (
			);
			name = "[CP] Check Pods Manifest.lock";
			outputPaths = (
			);
			runOnlyForDeploymentPostprocessing = 0;
			shellPath = /bin/sh;
			shellScript = "diff \"${PODS_PODFILE_DIR_PATH}/Podfile.lock\" \"${PODS_ROOT}/Manifest.lock\" > /dev/null\nif [ $? != 0 ] ; then\n    # print error to STDERR\n    echo \"error: The sandbox is not in sync with the Podfile.lock. Run 'pod install' or update your CocoaPods installation.\" >&2\n    exit 1\nfi\n";
			showEnvVarsInLog = 0;
		};
/* End PBXShellScriptBuildPhase section */

/* Begin PBXSourcesBuildPhase section */
		E4F0C1671EEA357800CE2D6B /* Sources */ = {
			isa = PBXSourcesBuildPhase;
			buildActionMask = 2147483647;
			files = (
				E45E19501F00ACC1008DABD0 /* UIActivityIndicatorView.swift in Sources */,
				E46CC2551EF9D4D40063AF18 /* String.swift in Sources */,
				E4F0C1711EEA357800CE2D6B /* ViewController.swift in Sources */,
				E40B9B2A1F1A912B00469D15 /* ViewControllerForOrderInfo.swift in Sources */,
				E4F0C16F1EEA357800CE2D6B /* AppDelegate.swift in Sources */,
				E4441C841F211DA300546AF7 /* UIDevice.swift in Sources */,
				E471761A1F09B13600E9A65D /* UIView.swift in Sources */,
				E473CDCD1F004C3B007CEDEF /* UIButton.swift in Sources */,
				E49DBDA01F159189005973FE /* ViewControllerForShippingInfo.swift in Sources */,
				E4E63F511F16F3F2006C6773 /* ViewControllerForSettingsTab.swift in Sources */,
			);
			runOnlyForDeploymentPostprocessing = 0;
		};
		E4F0C17B1EEA357800CE2D6B /* Sources */ = {
			isa = PBXSourcesBuildPhase;
			buildActionMask = 2147483647;
			files = (
				E4F0C1841EEA357800CE2D6B /* RecipeAppTests.swift in Sources */,
			);
			runOnlyForDeploymentPostprocessing = 0;
		};
		E4F0C1861EEA357800CE2D6B /* Sources */ = {
			isa = PBXSourcesBuildPhase;
			buildActionMask = 2147483647;
			files = (
				E4F0C18F1EEA357800CE2D6B /* RecipeAppUITests.swift in Sources */,
			);
			runOnlyForDeploymentPostprocessing = 0;
		};
/* End PBXSourcesBuildPhase section */

/* Begin PBXTargetDependency section */
		E4F0C1811EEA357800CE2D6B /* PBXTargetDependency */ = {
			isa = PBXTargetDependency;
			target = E4F0C16A1EEA357800CE2D6B /* RecipeApp */;
			targetProxy = E4F0C1801EEA357800CE2D6B /* PBXContainerItemProxy */;
		};
		E4F0C18C1EEA357800CE2D6B /* PBXTargetDependency */ = {
			isa = PBXTargetDependency;
			target = E4F0C16A1EEA357800CE2D6B /* RecipeApp */;
			targetProxy = E4F0C18B1EEA357800CE2D6B /* PBXContainerItemProxy */;
		};
/* End PBXTargetDependency section */

/* Begin PBXVariantGroup section */
		E4F0C1721EEA357800CE2D6B /* Main.storyboard */ = {
			isa = PBXVariantGroup;
			children = (
				E4F0C1731EEA357800CE2D6B /* Base */,
			);
			name = Main.storyboard;
			sourceTree = "<group>";
		};
		E4F0C1771EEA357800CE2D6B /* LaunchScreen.storyboard */ = {
			isa = PBXVariantGroup;
			children = (
				E4F0C1781EEA357800CE2D6B /* Base */,
			);
			name = LaunchScreen.storyboard;
			sourceTree = "<group>";
		};
/* End PBXVariantGroup section */

/* Begin XCBuildConfiguration section */
		E4F0C1911EEA357800CE2D6B /* Debug */ = {
			isa = XCBuildConfiguration;
			buildSettings = {
				ALWAYS_SEARCH_USER_PATHS = NO;
				CLANG_ANALYZER_NONNULL = YES;
				CLANG_ANALYZER_NUMBER_OBJECT_CONVERSION = YES_AGGRESSIVE;
				CLANG_CXX_LANGUAGE_STANDARD = "gnu++0x";
				CLANG_CXX_LIBRARY = "libc++";
				CLANG_ENABLE_MODULES = YES;
				CLANG_ENABLE_OBJC_ARC = YES;
				CLANG_WARN_BOOL_CONVERSION = YES;
				CLANG_WARN_CONSTANT_CONVERSION = YES;
				CLANG_WARN_DIRECT_OBJC_ISA_USAGE = YES_ERROR;
				CLANG_WARN_DOCUMENTATION_COMMENTS = YES;
				CLANG_WARN_EMPTY_BODY = YES;
				CLANG_WARN_ENUM_CONVERSION = YES;
				CLANG_WARN_INFINITE_RECURSION = YES;
				CLANG_WARN_INT_CONVERSION = YES;
				CLANG_WARN_OBJC_ROOT_CLASS = YES_ERROR;
				CLANG_WARN_SUSPICIOUS_MOVE = YES;
				CLANG_WARN_UNREACHABLE_CODE = YES;
				CLANG_WARN__DUPLICATE_METHOD_MATCH = YES;
				"CODE_SIGN_IDENTITY[sdk=iphoneos*]" = "iPhone Developer";
				COPY_PHASE_STRIP = NO;
				DEBUG_INFORMATION_FORMAT = dwarf;
				ENABLE_STRICT_OBJC_MSGSEND = YES;
				ENABLE_TESTABILITY = YES;
				GCC_C_LANGUAGE_STANDARD = gnu99;
				GCC_DYNAMIC_NO_PIC = NO;
				GCC_NO_COMMON_BLOCKS = YES;
				GCC_OPTIMIZATION_LEVEL = 0;
				GCC_PREPROCESSOR_DEFINITIONS = (
					"DEBUG=1",
					"$(inherited)",
				);
				GCC_WARN_64_TO_32_BIT_CONVERSION = YES;
				GCC_WARN_ABOUT_RETURN_TYPE = YES_ERROR;
				GCC_WARN_UNDECLARED_SELECTOR = YES;
				GCC_WARN_UNINITIALIZED_AUTOS = YES_AGGRESSIVE;
				GCC_WARN_UNUSED_FUNCTION = YES;
				GCC_WARN_UNUSED_VARIABLE = YES;
				IPHONEOS_DEPLOYMENT_TARGET = 10.3;
				MTL_ENABLE_DEBUG_INFO = YES;
				ONLY_ACTIVE_ARCH = YES;
				SDKROOT = iphoneos;
				SWIFT_ACTIVE_COMPILATION_CONDITIONS = DEBUG;
				SWIFT_OPTIMIZATION_LEVEL = "-Onone";
			};
			name = Debug;
		};
		E4F0C1921EEA357800CE2D6B /* Release */ = {
			isa = XCBuildConfiguration;
			buildSettings = {
				ALWAYS_SEARCH_USER_PATHS = NO;
				CLANG_ANALYZER_NONNULL = YES;
				CLANG_ANALYZER_NUMBER_OBJECT_CONVERSION = YES_AGGRESSIVE;
				CLANG_CXX_LANGUAGE_STANDARD = "gnu++0x";
				CLANG_CXX_LIBRARY = "libc++";
				CLANG_ENABLE_MODULES = YES;
				CLANG_ENABLE_OBJC_ARC = YES;
				CLANG_WARN_BOOL_CONVERSION = YES;
				CLANG_WARN_CONSTANT_CONVERSION = YES;
				CLANG_WARN_DIRECT_OBJC_ISA_USAGE = YES_ERROR;
				CLANG_WARN_DOCUMENTATION_COMMENTS = YES;
				CLANG_WARN_EMPTY_BODY = YES;
				CLANG_WARN_ENUM_CONVERSION = YES;
				CLANG_WARN_INFINITE_RECURSION = YES;
				CLANG_WARN_INT_CONVERSION = YES;
				CLANG_WARN_OBJC_ROOT_CLASS = YES_ERROR;
				CLANG_WARN_SUSPICIOUS_MOVE = YES;
				CLANG_WARN_UNREACHABLE_CODE = YES;
				CLANG_WARN__DUPLICATE_METHOD_MATCH = YES;
				"CODE_SIGN_IDENTITY[sdk=iphoneos*]" = "iPhone Developer";
				COPY_PHASE_STRIP = NO;
				DEBUG_INFORMATION_FORMAT = "dwarf-with-dsym";
				ENABLE_NS_ASSERTIONS = NO;
				ENABLE_STRICT_OBJC_MSGSEND = YES;
				GCC_C_LANGUAGE_STANDARD = gnu99;
				GCC_NO_COMMON_BLOCKS = YES;
				GCC_WARN_64_TO_32_BIT_CONVERSION = YES;
				GCC_WARN_ABOUT_RETURN_TYPE = YES_ERROR;
				GCC_WARN_UNDECLARED_SELECTOR = YES;
				GCC_WARN_UNINITIALIZED_AUTOS = YES_AGGRESSIVE;
				GCC_WARN_UNUSED_FUNCTION = YES;
				GCC_WARN_UNUSED_VARIABLE = YES;
				IPHONEOS_DEPLOYMENT_TARGET = 10.3;
				MTL_ENABLE_DEBUG_INFO = NO;
				SDKROOT = iphoneos;
				SWIFT_OPTIMIZATION_LEVEL = "-Owholemodule";
				VALIDATE_PRODUCT = YES;
			};
			name = Release;
		};
		E4F0C1941EEA357800CE2D6B /* Debug */ = {
			isa = XCBuildConfiguration;
			baseConfigurationReference = F795845841F004B1237C684D /* Pods-RecipeApp.debug.xcconfig */;
			buildSettings = {
				ASSETCATALOG_COMPILER_APPICON_NAME = AppIcon;
				CLANG_ENABLE_MODULES = YES;
				DEVELOPMENT_TEAM = FL3J93TK96;
				INFOPLIST_FILE = RecipeApp/Info.plist;
				IPHONEOS_DEPLOYMENT_TARGET = 10.3;
				LD_RUNPATH_SEARCH_PATHS = "$(inherited) @executable_path/Frameworks";
				PRODUCT_BUNDLE_IDENTIFIER = RahulKumar.RecipeApp;
				PRODUCT_NAME = "Foogle Food";
				SWIFT_OBJC_BRIDGING_HEADER = "RecipeApp-Bridging-Header.h";
				SWIFT_OPTIMIZATION_LEVEL = "-Onone";
				SWIFT_VERSION = 3.0;
			};
			name = Debug;
		};
		E4F0C1951EEA357800CE2D6B /* Release */ = {
			isa = XCBuildConfiguration;
			baseConfigurationReference = A08C6C294743B732C77363B8 /* Pods-RecipeApp.release.xcconfig */;
			buildSettings = {
				ASSETCATALOG_COMPILER_APPICON_NAME = AppIcon;
				CLANG_ENABLE_MODULES = YES;
				DEVELOPMENT_TEAM = FL3J93TK96;
				INFOPLIST_FILE = RecipeApp/Info.plist;
				IPHONEOS_DEPLOYMENT_TARGET = 10.3;
				LD_RUNPATH_SEARCH_PATHS = "$(inherited) @executable_path/Frameworks";
				PRODUCT_BUNDLE_IDENTIFIER = RahulKumar.RecipeApp;
				PRODUCT_NAME = "Foogle Food";
				SWIFT_OBJC_BRIDGING_HEADER = "RecipeApp-Bridging-Header.h";
				SWIFT_VERSION = 3.0;
			};
			name = Release;
		};
		E4F0C1971EEA357800CE2D6B /* Debug */ = {
			isa = XCBuildConfiguration;
			baseConfigurationReference = 6F6CA884AF4567777538EB71 /* Pods-RecipeAppTests.debug.xcconfig */;
			buildSettings = {
				ALWAYS_EMBED_SWIFT_STANDARD_LIBRARIES = YES;
				BUNDLE_LOADER = "$(TEST_HOST)";
				DEVELOPMENT_TEAM = FL3J93TK96;
				INFOPLIST_FILE = RecipeAppTests/Info.plist;
				LD_RUNPATH_SEARCH_PATHS = "$(inherited) @executable_path/Frameworks @loader_path/Frameworks";
				PRODUCT_BUNDLE_IDENTIFIER = RahulKumar.RecipeAppTests;
				PRODUCT_NAME = "$(TARGET_NAME)";
				SWIFT_VERSION = 3.0;
				TEST_HOST = "$(BUILT_PRODUCTS_DIR)/RecipeApp.app/RecipeApp";
			};
			name = Debug;
		};
		E4F0C1981EEA357800CE2D6B /* Release */ = {
			isa = XCBuildConfiguration;
			baseConfigurationReference = 7797EEAA20E091EF841135C6 /* Pods-RecipeAppTests.release.xcconfig */;
			buildSettings = {
				ALWAYS_EMBED_SWIFT_STANDARD_LIBRARIES = YES;
				BUNDLE_LOADER = "$(TEST_HOST)";
				DEVELOPMENT_TEAM = FL3J93TK96;
				INFOPLIST_FILE = RecipeAppTests/Info.plist;
				LD_RUNPATH_SEARCH_PATHS = "$(inherited) @executable_path/Frameworks @loader_path/Frameworks";
				PRODUCT_BUNDLE_IDENTIFIER = RahulKumar.RecipeAppTests;
				PRODUCT_NAME = "$(TARGET_NAME)";
				SWIFT_VERSION = 3.0;
				TEST_HOST = "$(BUILT_PRODUCTS_DIR)/RecipeApp.app/RecipeApp";
			};
			name = Release;
		};
		E4F0C19A1EEA357800CE2D6B /* Debug */ = {
			isa = XCBuildConfiguration;
			baseConfigurationReference = D49737A811A2AE8FAAEBA873 /* Pods-RecipeAppUITests.debug.xcconfig */;
			buildSettings = {
				ALWAYS_EMBED_SWIFT_STANDARD_LIBRARIES = YES;
				DEVELOPMENT_TEAM = FL3J93TK96;
				INFOPLIST_FILE = RecipeAppUITests/Info.plist;
				LD_RUNPATH_SEARCH_PATHS = "$(inherited) @executable_path/Frameworks @loader_path/Frameworks";
				PRODUCT_BUNDLE_IDENTIFIER = RahulKumar.RecipeAppUITests;
				PRODUCT_NAME = "$(TARGET_NAME)";
				SWIFT_VERSION = 3.0;
				TEST_TARGET_NAME = RecipeApp;
			};
			name = Debug;
		};
		E4F0C19B1EEA357800CE2D6B /* Release */ = {
			isa = XCBuildConfiguration;
			baseConfigurationReference = 52431E25FD2DEFCD9019DA2B /* Pods-RecipeAppUITests.release.xcconfig */;
			buildSettings = {
				ALWAYS_EMBED_SWIFT_STANDARD_LIBRARIES = YES;
				DEVELOPMENT_TEAM = FL3J93TK96;
				INFOPLIST_FILE = RecipeAppUITests/Info.plist;
				LD_RUNPATH_SEARCH_PATHS = "$(inherited) @executable_path/Frameworks @loader_path/Frameworks";
				PRODUCT_BUNDLE_IDENTIFIER = RahulKumar.RecipeAppUITests;
				PRODUCT_NAME = "$(TARGET_NAME)";
				SWIFT_VERSION = 3.0;
				TEST_TARGET_NAME = RecipeApp;
			};
			name = Release;
		};
/* End XCBuildConfiguration section */

/* Begin XCConfigurationList section */
		E4F0C1661EEA357700CE2D6B /* Build configuration list for PBXProject "RecipeApp" */ = {
			isa = XCConfigurationList;
			buildConfigurations = (
				E4F0C1911EEA357800CE2D6B /* Debug */,
				E4F0C1921EEA357800CE2D6B /* Release */,
			);
			defaultConfigurationIsVisible = 0;
			defaultConfigurationName = Release;
		};
		E4F0C1931EEA357800CE2D6B /* Build configuration list for PBXNativeTarget "RecipeApp" */ = {
			isa = XCConfigurationList;
			buildConfigurations = (
				E4F0C1941EEA357800CE2D6B /* Debug */,
				E4F0C1951EEA357800CE2D6B /* Release */,
			);
			defaultConfigurationIsVisible = 0;
			defaultConfigurationName = Release;
		};
		E4F0C1961EEA357800CE2D6B /* Build configuration list for PBXNativeTarget "RecipeAppTests" */ = {
			isa = XCConfigurationList;
			buildConfigurations = (
				E4F0C1971EEA357800CE2D6B /* Debug */,
				E4F0C1981EEA357800CE2D6B /* Release */,
			);
			defaultConfigurationIsVisible = 0;
			defaultConfigurationName = Release;
		};
		E4F0C1991EEA357800CE2D6B /* Build configuration list for PBXNativeTarget "RecipeAppUITests" */ = {
			isa = XCConfigurationList;
			buildConfigurations = (
				E4F0C19A1EEA357800CE2D6B /* Debug */,
				E4F0C19B1EEA357800CE2D6B /* Release */,
			);
			defaultConfigurationIsVisible = 0;
			defaultConfigurationName = Release;
		};
/* End XCConfigurationList section */
	};
	rootObject = E4F0C1631EEA357700CE2D6B /* Project object */;
}
